{
	"name": "elastic-apm-js-core",
	"version": "3.0.1",
	"lockfileVersion": 1,
	"requires": true,
	"dependencies": {
		"error-stack-parser": {
			"version": "1.3.6",
			"resolved": "https://registry.npmjs.org/error-stack-parser/-/error-stack-parser-1.3.6.tgz",
			"integrity": "sha1-4Oc7k+QXE40c18C3RrGkoUhUwpI=",
			"requires": {
				"stackframe": "^0.3.1"
			}
		},
		"es6-promise": {
			"version": "4.2.5",
			"resolved": "https://registry.npmjs.org/es6-promise/-/es6-promise-4.2.5.tgz",
			"integrity": "sha512-n6wvpdE43VFtJq+lUDYDBFUwV8TZbuGXLV4D6wKafg13ldznKsyEvatubnmUe31zcvelSzOHF+XbaT+Bl9ObDg==",
			"dev": true
		},
		"opentracing": {
			"version": "0.14.3",
			"resolved": "https://registry.npmjs.org/opentracing/-/opentracing-0.14.3.tgz",
			"integrity": "sha1-I+OtAp+mamU5Jq2+V+g0Rp+FUKo="
		},
		"stack-generator": {
			"version": "1.1.0",
			"resolved": "https://registry.npmjs.org/stack-generator/-/stack-generator-1.1.0.tgz",
			"integrity": "sha1-NvapIHUabBD0maE8Msu19RoLiyU=",
			"requires": {
				"stackframe": "^1.0.2"
			},
			"dependencies": {
				"stackframe": {
					"version": "1.0.4",
					"resolved": "https://registry.npmjs.org/stackframe/-/stackframe-1.0.4.tgz",
					"integrity": "sha512-to7oADIniaYwS3MhtCa/sQhrxidCCQiF/qp4/m5iN3ipf0Y7Xlri0f6eG29r08aL7JYl8n32AF3Q5GYBZ7K8vw=="
				}
			}
		},
		"stackframe": {
			"version": "0.3.1",
			"resolved": "https://registry.npmjs.org/stackframe/-/stackframe-0.3.1.tgz",
			"integrity": "sha1-M6qE8Rd6VUjIk1Uzy/6zQgl19aQ="
		},
		"uuid": {
			"version": "3.3.2",
			"resolved": "https://registry.npmjs.org/uuid/-/uuid-3.3.2.tgz",
			"integrity": "sha512-yXJmeNaw3DnnKAOKJE51sL/ZaYfWJRl1pK9dr19YFCu0ObS231AB1/LbqTKRAQ5kw8A90rA6fr4riOUpTZvQZA=="
		}
	}
}
