{
  "name": "@elastic/apm-rum-angular",
  "version": "1.0.0",
  "lockfileVersion": 1,
  "requires": true,
  "dependencies": {
    "@angular/core": {
      "version": "9.1.1",
      "resolved": "https://registry.npmjs.org/@angular/core/-/core-9.1.1.tgz",
      "integrity": "sha512-6lDlUlePafr/392hOvvTZZl6xPHT50U6658sHUAVIr0Un4mJ2MHNHKZtO45bpn3hM4gjFcYRQ7Rpd0umW74iTA=="
    },
    "@angular/router": {
      "version": "9.1.1",
      "resolved": "https://registry.npmjs.org/@angular/router/-/router-9.1.1.tgz",
      "integrity": "sha512-OQ5Ctd+swF7ZNlgUxrkGKk2B4yBFqJm0QCxkM86kFDCKQV/4OButZ+4HPy1HxeozBIAmm2pbQA+YjsAUs0VZcQ=="
    },
    "@elastic/apm-rum": {
      "version": "5.0.0",
      "resolved": "https://registry.npmjs.org/@elastic/apm-rum/-/apm-rum-5.0.0.tgz",
      "integrity": "sha512-O2jay9qS5nzeYrGN4vdC1aH939CVgxxAY6wza4M35xTqqQ9xsEiVeyagaiDHbeT/vlzJDGPxFCIUg87qV4a7oA==",
      "requires": {
        "@elastic/apm-rum-core": "^5.0.0"
      }
    },
    "@elastic/apm-rum-core": {
      "version": "5.0.0",
      "resolved": "https://registry.npmjs.org/@elastic/apm-rum-core/-/apm-rum-core-5.0.0.tgz",
      "integrity": "sha512-BQ4kiGQTdAL+F0ssPUWn9jgXuJDKMyqFyA7R8f+2cvX6Kd6yUZqs/MpMtEGvTNov1jRle0IGhfjg/uXN9zPQ6Q==",
      "requires": {
        "error-stack-parser": "^1.3.5",
        "opentracing": "^0.14.3",
        "promise-polyfill": "^8.1.3",
        "uuid": "^3.1.0"
      }
    },
    "error-stack-parser": {
      "version": "1.3.6",
      "resolved": "https://registry.npmjs.org/error-stack-parser/-/error-stack-parser-1.3.6.tgz",
      "integrity": "sha1-4Oc7k+QXE40c18C3RrGkoUhUwpI=",
      "requires": {
        "stackframe": "^0.3.1"
      }
    },
    "opentracing": {
      "version": "0.14.4",
      "resolved": "https://registry.npmjs.org/opentracing/-/opentracing-0.14.4.tgz",
      "integrity": "sha512-nNnZDkUNExBwEpb7LZaeMeQgvrlO8l4bgY/LvGNZCR0xG/dGWqHqjKrAmR5GUoYo0FIz38kxasvA1aevxWs2CA=="
    },
    "promise-polyfill": {
      "version": "8.1.3",
      "resolved": "https://registry.npmjs.org/promise-polyfill/-/promise-polyfill-8.1.3.tgz",
      "integrity": "sha512-MG5r82wBzh7pSKDRa9y+vllNHz3e3d4CNj1PQE4BQYxLme0gKYYBm9YENq+UkEikyZ0XbiGWxYlVw3Rl9O/U8g=="
    },
    "stackframe": {
      "version": "0.3.1",
      "resolved": "https://registry.npmjs.org/stackframe/-/stackframe-0.3.1.tgz",
      "integrity": "sha1-M6qE8Rd6VUjIk1Uzy/6zQgl19aQ="
    },
    "uuid": {
      "version": "3.4.0",
      "resolved": "https://registry.npmjs.org/uuid/-/uuid-3.4.0.tgz",
      "integrity": "sha512-HjSDRw6gZE5JMggctHBcjVak08+KEVhSIiDzFnT9S9aegmp85S/bReBVTb4QTFaRNptJ9kuYaNhnbNEOkbKb/A=="
    }
  }
}
